PODS:
  - BEACONinsideSDK (1.0.0-beta1)
  - NCICharts (1.0.4)

DEPENDENCIES:
  - BEACONinsideSDK (from `../BEACONinsideSDK.podspec`)
  - NCICharts (~> 1.0)

EXTERNAL SOURCES:
  BEACONinsideSDK:
    :path: ../BEACONinsideSDK.podspec

SPEC CHECKSUMS:
  BEACONinsideSDK: 54136b6640d95569bd1900fc03368eb8b43360f9
  NCICharts: 421a79b81a0368dbe9164a8675eedb6f20880e2f

COCOAPODS: 0.31.1
