// !$*UTF8*$!
{
	archiveVersion = 1;
	classes = {
	};
	objectVersion = 46;
	objects = {

/* Begin PBXBuildFile section */
		5D0605CA18EC5ABC00BDCB18 /* BIChartViewController.m in Sources */ = {isa = PBXBuildFile; fileRef = 5D0605C918EC5ABC00BDCB18 /* BIChartViewController.m */; };
		5D33AA4B18E1E88D000F05DE /* BIBluetoothDeviceListViewController.m in Sources */ = {isa = PBXBuildFile; fileRef = 5D33AA4A18E1E88D000F05DE /* BIBluetoothDeviceListViewController.m */; };
		5D33AA4E18E1F168000F05DE /* BIToggleButtonCell.m in Sources */ = {isa = PBXBuildFile; fileRef = 5D33AA4D18E1F168000F05DE /* BIToggleButtonCell.m */; };
		5D3F33B818EAC68300857073 /* BISettingsViewController.m in Sources */ = {isa = PBXBuildFile; fileRef = 5D3F33B718EAC68300857073 /* BISettingsViewController.m */; };
		5D3F33C118EAF24800857073 /* BIBeaconController.m in Sources */ = {isa = PBXBuildFile; fileRef = 5D3F33C018EAF24800857073 /* BIBeaconController.m */; };
		5D3F33C418EAF66D00857073 /* BIPreferencesController.m in Sources */ = {isa = PBXBuildFile; fileRef = 5D3F33C318EAF66D00857073 /* BIPreferencesController.m */; };
		5D3F33C718EB00DA00857073 /* BIEventLog.m in Sources */ = {isa = PBXBuildFile; fileRef = 5D3F33C618EB00DA00857073 /* BIEventLog.m */; };
		5D4BC5FE18D733E100DA2689 /* Foundation.framework in Frameworks */ = {isa = PBXBuildFile; fileRef = 5D4BC5FD18D733E100DA2689 /* Foundation.framework */; };
		5D4BC60018D733E100DA2689 /* CoreGraphics.framework in Frameworks */ = {isa = PBXBuildFile; fileRef = 5D4BC5FF18D733E100DA2689 /* CoreGraphics.framework */; };
		5D4BC60218D733E100DA2689 /* UIKit.framework in Frameworks */ = {isa = PBXBuildFile; fileRef = 5D4BC60118D733E100DA2689 /* UIKit.framework */; };
		5D4BC60818D733E100DA2689 /* InfoPlist.strings in Resources */ = {isa = PBXBuildFile; fileRef = 5D4BC60618D733E100DA2689 /* InfoPlist.strings */; };
		5D4BC60A18D733E100DA2689 /* main.m in Sources */ = {isa = PBXBuildFile; fileRef = 5D4BC60918D733E100DA2689 /* main.m */; };
		5D4BC60E18D733E100DA2689 /* BIAppDelegate.m in Sources */ = {isa = PBXBuildFile; fileRef = 5D4BC60D18D733E100DA2689 /* BIAppDelegate.m */; };
		5D4BC61118D733E100DA2689 /* Main.storyboard in Resources */ = {isa = PBXBuildFile; fileRef = 5D4BC60F18D733E100DA2689 /* Main.storyboard */; };
		5D4BC61418D733E100DA2689 /* BIRadarViewController.m in Sources */ = {isa = PBXBuildFile; fileRef = 5D4BC61318D733E100DA2689 /* BIRadarViewController.m */; };
		5D4BC61618D733E100DA2689 /* Images.xcassets in Resources */ = {isa = PBXBuildFile; fileRef = 5D4BC61518D733E100DA2689 /* Images.xcassets */; };
		5D7D27BC18E06EE800BA6C26 /* BIZoneViewController.m in Sources */ = {isa = PBXBuildFile; fileRef = 5D7D27BB18E06EE800BA6C26 /* BIZoneViewController.m */; };
		5DA5D64018E2E0E8005C0BB3 /* BIBluetoothServiceListViewController.m in Sources */ = {isa = PBXBuildFile; fileRef = 5DA5D63F18E2E0E8005C0BB3 /* BIBluetoothServiceListViewController.m */; };
		5DA5D64318E2FEC1005C0BB3 /* BIBluetoothCharacteristicListViewController.m in Sources */ = {isa = PBXBuildFile; fileRef = 5DA5D64218E2FEC1005C0BB3 /* BIBluetoothCharacteristicListViewController.m */; };
		5DA5D64618E33850005C0BB3 /* BIActivityStatusCell.m in Sources */ = {isa = PBXBuildFile; fileRef = 5DA5D64518E33850005C0BB3 /* BIActivityStatusCell.m */; };
		64DF5D4A170649EDBF78A0C0 /* libPods-BEACONinsideSDKDemo.a in Frameworks */ = {isa = PBXBuildFile; fileRef = E4579422C69744988082C36A /* libPods-BEACONinsideSDKDemo.a */; };
/* End PBXBuildFile section */

/* Begin PBXFileReference section */
		2B068365E0B640CCBA1946F9 /* Pods-BEACONinsideSDKDemo.xcconfig */ = {isa = PBXFileReference; includeInIndex = 1; lastKnownFileType = text.xcconfig; name = "Pods-BEACONinsideSDKDemo.xcconfig"; path = "Pods/Pods-BEACONinsideSDKDemo.xcconfig"; sourceTree = "<group>"; };
		5D0605C818EC5ABC00BDCB18 /* BIChartViewController.h */ = {isa = PBXFileReference; fileEncoding = 4; lastKnownFileType = sourcecode.c.h; path = BIChartViewController.h; sourceTree = "<group>"; };
		5D0605C918EC5ABC00BDCB18 /* BIChartViewController.m */ = {isa = PBXFileReference; fileEncoding = 4; lastKnownFileType = sourcecode.c.objc; path = BIChartViewController.m; sourceTree = "<group>"; };
		5D33AA4918E1E88D000F05DE /* BIBluetoothDeviceListViewController.h */ = {isa = PBXFileReference; fileEncoding = 4; lastKnownFileType = sourcecode.c.h; path = BIBluetoothDeviceListViewController.h; sourceTree = "<group>"; };
		5D33AA4A18E1E88D000F05DE /* BIBluetoothDeviceListViewController.m */ = {isa = PBXFileReference; fileEncoding = 4; lastKnownFileType = sourcecode.c.objc; path = BIBluetoothDeviceListViewController.m; sourceTree = "<group>"; };
		5D33AA4C18E1F168000F05DE /* BIToggleButtonCell.h */ = {isa = PBXFileReference; fileEncoding = 4; lastKnownFileType = sourcecode.c.h; path = BIToggleButtonCell.h; sourceTree = "<group>"; };
		5D33AA4D18E1F168000F05DE /* BIToggleButtonCell.m */ = {isa = PBXFileReference; fileEncoding = 4; lastKnownFileType = sourcecode.c.objc; path = BIToggleButtonCell.m; sourceTree = "<group>"; };
		5D3F33B618EAC68300857073 /* BISettingsViewController.h */ = {isa = PBXFileReference; fileEncoding = 4; lastKnownFileType = sourcecode.c.h; path = BISettingsViewController.h; sourceTree = "<group>"; };
		5D3F33B718EAC68300857073 /* BISettingsViewController.m */ = {isa = PBXFileReference; fileEncoding = 4; lastKnownFileType = sourcecode.c.objc; path = BISettingsViewController.m; sourceTree = "<group>"; };
		5D3F33BF18EAF24800857073 /* BIBeaconController.h */ = {isa = PBXFileReference; fileEncoding = 4; lastKnownFileType = sourcecode.c.h; path = BIBeaconController.h; sourceTree = "<group>"; };
		5D3F33C018EAF24800857073 /* BIBeaconController.m */ = {isa = PBXFileReference; fileEncoding = 4; lastKnownFileType = sourcecode.c.objc; path = BIBeaconController.m; sourceTree = "<group>"; };
		5D3F33C218EAF66D00857073 /* BIPreferencesController.h */ = {isa = PBXFileReference; fileEncoding = 4; lastKnownFileType = sourcecode.c.h; path = BIPreferencesController.h; sourceTree = "<group>"; };
		5D3F33C318EAF66D00857073 /* BIPreferencesController.m */ = {isa = PBXFileReference; fileEncoding = 4; lastKnownFileType = sourcecode.c.objc; path = BIPreferencesController.m; sourceTree = "<group>"; };
		5D3F33C518EB00DA00857073 /* BIEventLog.h */ = {isa = PBXFileReference; fileEncoding = 4; lastKnownFileType = sourcecode.c.h; path = BIEventLog.h; sourceTree = "<group>"; };
		5D3F33C618EB00DA00857073 /* BIEventLog.m */ = {isa = PBXFileReference; fileEncoding = 4; lastKnownFileType = sourcecode.c.objc; path = BIEventLog.m; sourceTree = "<group>"; };
		5D4BC5FA18D733E100DA2689 /* BEACONinsideSDKDemo.app */ = {isa = PBXFileReference; explicitFileType = wrapper.application; includeInIndex = 0; path = BEACONinsideSDKDemo.app; sourceTree = BUILT_PRODUCTS_DIR; };
		5D4BC5FD18D733E100DA2689 /* Foundation.framework */ = {isa = PBXFileReference; lastKnownFileType = wrapper.framework; name = Foundation.framework; path = System/Library/Frameworks/Foundation.framework; sourceTree = SDKROOT; };
		5D4BC5FF18D733E100DA2689 /* CoreGraphics.framework */ = {isa = PBXFileReference; lastKnownFileType = wrapper.framework; name = CoreGraphics.framework; path = System/Library/Frameworks/CoreGraphics.framework; sourceTree = SDKROOT; };
		5D4BC60118D733E100DA2689 /* UIKit.framework */ = {isa = PBXFileReference; lastKnownFileType = wrapper.framework; name = UIKit.framework; path = System/Library/Frameworks/UIKit.framework; sourceTree = SDKROOT; };
		5D4BC60518D733E100DA2689 /* BEACONinsideSDKDemo-Info.plist */ = {isa = PBXFileReference; lastKnownFileType = text.plist.xml; path = "BEACONinsideSDKDemo-Info.plist"; sourceTree = "<group>"; };
		5D4BC60718D733E100DA2689 /* en */ = {isa = PBXFileReference; lastKnownFileType = text.plist.strings; name = en; path = en.lproj/InfoPlist.strings; sourceTree = "<group>"; };
		5D4BC60918D733E100DA2689 /* main.m */ = {isa = PBXFileReference; lastKnownFileType = sourcecode.c.objc; path = main.m; sourceTree = "<group>"; };
		5D4BC60B18D733E100DA2689 /* BEACONinsideSDKDemo-Prefix.pch */ = {isa = PBXFileReference; lastKnownFileType = sourcecode.c.h; path = "BEACONinsideSDKDemo-Prefix.pch"; sourceTree = "<group>"; };
		5D4BC60C18D733E100DA2689 /* BIAppDelegate.h */ = {isa = PBXFileReference; lastKnownFileType = sourcecode.c.h; path = BIAppDelegate.h; sourceTree = "<group>"; };
		5D4BC60D18D733E100DA2689 /* BIAppDelegate.m */ = {isa = PBXFileReference; lastKnownFileType = sourcecode.c.objc; path = BIAppDelegate.m; sourceTree = "<group>"; };
		5D4BC61018D733E100DA2689 /* Base */ = {isa = PBXFileReference; lastKnownFileType = file.storyboard; name = Base; path = Base.lproj/Main.storyboard; sourceTree = "<group>"; };
		5D4BC61218D733E100DA2689 /* BIRadarViewController.h */ = {isa = PBXFileReference; lastKnownFileType = sourcecode.c.h; path = BIRadarViewController.h; sourceTree = "<group>"; };
		5D4BC61318D733E100DA2689 /* BIRadarViewController.m */ = {isa = PBXFileReference; lastKnownFileType = sourcecode.c.objc; path = BIRadarViewController.m; sourceTree = "<group>"; };
		5D4BC61518D733E100DA2689 /* Images.xcassets */ = {isa = PBXFileReference; lastKnownFileType = folder.assetcatalog; path = Images.xcassets; sourceTree = "<group>"; };
		5D4BC61C18D733E100DA2689 /* XCTest.framework */ = {isa = PBXFileReference; lastKnownFileType = wrapper.framework; name = XCTest.framework; path = Library/Frameworks/XCTest.framework; sourceTree = DEVELOPER_DIR; };
		5D7D27BA18E06EE800BA6C26 /* BIZoneViewController.h */ = {isa = PBXFileReference; fileEncoding = 4; lastKnownFileType = sourcecode.c.h; path = BIZoneViewController.h; sourceTree = "<group>"; };
		5D7D27BB18E06EE800BA6C26 /* BIZoneViewController.m */ = {isa = PBXFileReference; fileEncoding = 4; lastKnownFileType = sourcecode.c.objc; path = BIZoneViewController.m; sourceTree = "<group>"; };
		5DA5D63E18E2E0E8005C0BB3 /* BIBluetoothServiceListViewController.h */ = {isa = PBXFileReference; fileEncoding = 4; lastKnownFileType = sourcecode.c.h; path = BIBluetoothServiceListViewController.h; sourceTree = "<group>"; };
		5DA5D63F18E2E0E8005C0BB3 /* BIBluetoothServiceListViewController.m */ = {isa = PBXFileReference; fileEncoding = 4; lastKnownFileType = sourcecode.c.objc; path = BIBluetoothServiceListViewController.m; sourceTree = "<group>"; };
		5DA5D64118E2FEC1005C0BB3 /* BIBluetoothCharacteristicListViewController.h */ = {isa = PBXFileReference; fileEncoding = 4; lastKnownFileType = sourcecode.c.h; path = BIBluetoothCharacteristicListViewController.h; sourceTree = "<group>"; };
		5DA5D64218E2FEC1005C0BB3 /* BIBluetoothCharacteristicListViewController.m */ = {isa = PBXFileReference; fileEncoding = 4; lastKnownFileType = sourcecode.c.objc; path = BIBluetoothCharacteristicListViewController.m; sourceTree = "<group>"; };
		5DA5D64418E33850005C0BB3 /* BIActivityStatusCell.h */ = {isa = PBXFileReference; fileEncoding = 4; lastKnownFileType = sourcecode.c.h; path = BIActivityStatusCell.h; sourceTree = "<group>"; };
		5DA5D64518E33850005C0BB3 /* BIActivityStatusCell.m */ = {isa = PBXFileReference; fileEncoding = 4; lastKnownFileType = sourcecode.c.objc; path = BIActivityStatusCell.m; sourceTree = "<group>"; };
		E4579422C69744988082C36A /* libPods-BEACONinsideSDKDemo.a */ = {isa = PBXFileReference; explicitFileType = archive.ar; includeInIndex = 0; path = "libPods-BEACONinsideSDKDemo.a"; sourceTree = BUILT_PRODUCTS_DIR; };
/* End PBXFileReference section */

/* Begin PBXFrameworksBuildPhase section */
		5D4BC5F718D733E100DA2689 /* Frameworks */ = {
			isa = PBXFrameworksBuildPhase;
			buildActionMask = 2147483647;
			files = (
				5D4BC60018D733E100DA2689 /* CoreGraphics.framework in Frameworks */,
				5D4BC60218D733E100DA2689 /* UIKit.framework in Frameworks */,
				5D4BC5FE18D733E100DA2689 /* Foundation.framework in Frameworks */,
				64DF5D4A170649EDBF78A0C0 /* libPods-BEACONinsideSDKDemo.a in Frameworks */,
			);
			runOnlyForDeploymentPostprocessing = 0;
		};
/* End PBXFrameworksBuildPhase section */

/* Begin PBXGroup section */
		5D0605C718EC5AA400BDCB18 /* Chart Screen */ = {
			isa = PBXGroup;
			children = (
				5D0605C818EC5ABC00BDCB18 /* BIChartViewController.h */,
				5D0605C918EC5ABC00BDCB18 /* BIChartViewController.m */,
			);
			name = "Chart Screen";
			sourceTree = "<group>";
		};
		5D3F33B918EAD4AA00857073 /* Radar Screen */ = {
			isa = PBXGroup;
			children = (
				5D4BC61218D733E100DA2689 /* BIRadarViewController.h */,
				5D4BC61318D733E100DA2689 /* BIRadarViewController.m */,
			);
			name = "Radar Screen";
			sourceTree = "<group>";
		};
		5D3F33BB18EAD4BD00857073 /* Zone Screen */ = {
			isa = PBXGroup;
			children = (
				5D7D27BA18E06EE800BA6C26 /* BIZoneViewController.h */,
				5D7D27BB18E06EE800BA6C26 /* BIZoneViewController.m */,
			);
			name = "Zone Screen";
			sourceTree = "<group>";
		};
		5D3F33BC18EAD4D800857073 /* BLE Info Screen */ = {
			isa = PBXGroup;
			children = (
				5D33AA4918E1E88D000F05DE /* BIBluetoothDeviceListViewController.h */,
				5D33AA4A18E1E88D000F05DE /* BIBluetoothDeviceListViewController.m */,
				5DA5D63E18E2E0E8005C0BB3 /* BIBluetoothServiceListViewController.h */,
				5DA5D63F18E2E0E8005C0BB3 /* BIBluetoothServiceListViewController.m */,
				5DA5D64118E2FEC1005C0BB3 /* BIBluetoothCharacteristicListViewController.h */,
				5DA5D64218E2FEC1005C0BB3 /* BIBluetoothCharacteristicListViewController.m */,
				5D33AA4C18E1F168000F05DE /* BIToggleButtonCell.h */,
				5D33AA4D18E1F168000F05DE /* BIToggleButtonCell.m */,
				5DA5D64418E33850005C0BB3 /* BIActivityStatusCell.h */,
				5DA5D64518E33850005C0BB3 /* BIActivityStatusCell.m */,
			);
			name = "BLE Info Screen";
			sourceTree = "<group>";
		};
		5D3F33BE18EAD4EE00857073 /* Setup Screen */ = {
			isa = PBXGroup;
			children = (
				5D3F33B618EAC68300857073 /* BISettingsViewController.h */,
				5D3F33B718EAC68300857073 /* BISettingsViewController.m */,
			);
			name = "Setup Screen";
			sourceTree = "<group>";
		};
		5D4BC5F118D733E100DA2689 = {
			isa = PBXGroup;
			children = (
				5D4BC60318D733E100DA2689 /* BEACONinsideSDKDemo */,
				5D4BC5FC18D733E100DA2689 /* Frameworks */,
				5D4BC5FB18D733E100DA2689 /* Products */,
				2B068365E0B640CCBA1946F9 /* Pods-BEACONinsideSDKDemo.xcconfig */,
			);
			sourceTree = "<group>";
		};
		5D4BC5FB18D733E100DA2689 /* Products */ = {
			isa = PBXGroup;
			children = (
				5D4BC5FA18D733E100DA2689 /* BEACONinsideSDKDemo.app */,
			);
			name = Products;
			sourceTree = "<group>";
		};
		5D4BC5FC18D733E100DA2689 /* Frameworks */ = {
			isa = PBXGroup;
			children = (
				5D4BC5FD18D733E100DA2689 /* Foundation.framework */,
				5D4BC5FF18D733E100DA2689 /* CoreGraphics.framework */,
				5D4BC60118D733E100DA2689 /* UIKit.framework */,
				5D4BC61C18D733E100DA2689 /* XCTest.framework */,
				E4579422C69744988082C36A /* libPods-BEACONinsideSDKDemo.a */,
			);
			name = Frameworks;
			sourceTree = "<group>";
		};
		5D4BC60318D733E100DA2689 /* BEACONinsideSDKDemo */ = {
			isa = PBXGroup;
			children = (
				5D4BC60F18D733E100DA2689 /* Main.storyboard */,
				5D4BC60C18D733E100DA2689 /* BIAppDelegate.h */,
				5D4BC60D18D733E100DA2689 /* BIAppDelegate.m */,
				5DA09A7118EB193D0073EA7E /* Controllers */,
				5D3F33B918EAD4AA00857073 /* Radar Screen */,
				5D3F33BB18EAD4BD00857073 /* Zone Screen */,
				5D0605C718EC5AA400BDCB18 /* Chart Screen */,
				5D3F33BC18EAD4D800857073 /* BLE Info Screen */,
				5D3F33BE18EAD4EE00857073 /* Setup Screen */,
				5D4BC61518D733E100DA2689 /* Images.xcassets */,
				5D4BC60418D733E100DA2689 /* Supporting Files */,
			);
			path = BEACONinsideSDKDemo;
			sourceTree = "<group>";
		};
		5D4BC60418D733E100DA2689 /* Supporting Files */ = {
			isa = PBXGroup;
			children = (
				5D4BC60518D733E100DA2689 /* BEACONinsideSDKDemo-Info.plist */,
				5D4BC60618D733E100DA2689 /* InfoPlist.strings */,
				5D4BC60918D733E100DA2689 /* main.m */,
				5D4BC60B18D733E100DA2689 /* BEACONinsideSDKDemo-Prefix.pch */,
			);
			name = "Supporting Files";
			sourceTree = "<group>";
		};
		5DA09A7118EB193D0073EA7E /* Controllers */ = {
			isa = PBXGroup;
			children = (
				5D3F33BF18EAF24800857073 /* BIBeaconController.h */,
				5D3F33C018EAF24800857073 /* BIBeaconController.m */,
				5D3F33C218EAF66D00857073 /* BIPreferencesController.h */,
				5D3F33C318EAF66D00857073 /* BIPreferencesController.m */,
				5D3F33C518EB00DA00857073 /* BIEventLog.h */,
				5D3F33C618EB00DA00857073 /* BIEventLog.m */,
			);
			name = Controllers;
			sourceTree = "<group>";
		};
/* End PBXGroup section */

/* Begin PBXNativeTarget section */
		5D4BC5F918D733E100DA2689 /* BEACONinsideSDKDemo */ = {
			isa = PBXNativeTarget;
			buildConfigurationList = 5D4BC62C18D733E100DA2689 /* Build configuration list for PBXNativeTarget "BEACONinsideSDKDemo" */;
			buildPhases = (
				6268CA7D0E0048A29A77A80E /* Check Pods Manifest.lock */,
				5D4BC5F618D733E100DA2689 /* Sources */,
				5D4BC5F718D733E100DA2689 /* Frameworks */,
				5D4BC5F818D733E100DA2689 /* Resources */,
				E1E6DB39BB34429CB2D75B10 /* Copy Pods Resources */,
			);
			buildRules = (
			);
			dependencies = (
			);
			name = BEACONinsideSDKDemo;
			productName = MuseumDemo;
			productReference = 5D4BC5FA18D733E100DA2689 /* BEACONinsideSDKDemo.app */;
			productType = "com.apple.product-type.application";
		};
/* End PBXNativeTarget section */

/* Begin PBXProject section */
		5D4BC5F218D733E100DA2689 /* Project object */ = {
			isa = PBXProject;
			attributes = {
				CLASSPREFIX = BI;
				LastUpgradeCheck = 0510;
				ORGANIZATIONNAME = BEACONinside;
			};
			buildConfigurationList = 5D4BC5F518D733E100DA2689 /* Build configuration list for PBXProject "BEACONinsideSDKDemo" */;
			compatibilityVersion = "Xcode 3.2";
			developmentRegion = English;
			hasScannedForEncodings = 0;
			knownRegions = (
				en,
				Base,
			);
			mainGroup = 5D4BC5F118D733E100DA2689;
			productRefGroup = 5D4BC5FB18D733E100DA2689 /* Products */;
			projectDirPath = "";
			projectRoot = "";
			targets = (
				5D4BC5F918D733E100DA2689 /* BEACONinsideSDKDemo */,
			);
		};
/* End PBXProject section */

/* Begin PBXResourcesBuildPhase section */
		5D4BC5F818D733E100DA2689 /* Resources */ = {
			isa = PBXResourcesBuildPhase;
			buildActionMask = 2147483647;
			files = (
				5D4BC61618D733E100DA2689 /* Images.xcassets in Resources */,
				5D4BC60818D733E100DA2689 /* InfoPlist.strings in Resources */,
				5D4BC61118D733E100DA2689 /* Main.storyboard in Resources */,
			);
			runOnlyForDeploymentPostprocessing = 0;
		};
/* End PBXResourcesBuildPhase section */

/* Begin PBXShellScriptBuildPhase section */
		6268CA7D0E0048A29A77A80E /* Check Pods Manifest.lock */ = {
			isa = PBXShellScriptBuildPhase;
			buildActionMask = 2147483647;
			files = (
			);
			inputPaths = (
			);
			name = "Check Pods Manifest.lock";
			outputPaths = (
			);
			runOnlyForDeploymentPostprocessing = 0;
			shellPath = /bin/sh;
			shellScript = "diff \"${PODS_ROOT}/../Podfile.lock\" \"${PODS_ROOT}/Manifest.lock\" > /dev/null\nif [[ $? != 0 ]] ; then\n    cat << EOM\nerror: The sandbox is not in sync with the Podfile.lock. Run 'pod install' or update your CocoaPods installation.\nEOM\n    exit 1\nfi\n";
			showEnvVarsInLog = 0;
		};
		E1E6DB39BB34429CB2D75B10 /* Copy Pods Resources */ = {
			isa = PBXShellScriptBuildPhase;
			buildActionMask = 2147483647;
			files = (
			);
			inputPaths = (
			);
			name = "Copy Pods Resources";
			outputPaths = (
			);
			runOnlyForDeploymentPostprocessing = 0;
			shellPath = /bin/sh;
			shellScript = "\"${SRCROOT}/Pods/Pods-BEACONinsideSDKDemo-resources.sh\"\n";
			showEnvVarsInLog = 0;
		};
/* End PBXShellScriptBuildPhase section */

/* Begin PBXSourcesBuildPhase section */
		5D4BC5F618D733E100DA2689 /* Sources */ = {
			isa = PBXSourcesBuildPhase;
			buildActionMask = 2147483647;
			files = (
				5D3F33C718EB00DA00857073 /* BIEventLog.m in Sources */,
				5D33AA4E18E1F168000F05DE /* BIToggleButtonCell.m in Sources */,
				5D3F33C418EAF66D00857073 /* BIPreferencesController.m in Sources */,
				5D4BC61418D733E100DA2689 /* BIRadarViewController.m in Sources */,
				5D7D27BC18E06EE800BA6C26 /* BIZoneViewController.m in Sources */,
				5DA5D64318E2FEC1005C0BB3 /* BIBluetoothCharacteristicListViewController.m in Sources */,
				5D0605CA18EC5ABC00BDCB18 /* BIChartViewController.m in Sources */,
				5DA5D64018E2E0E8005C0BB3 /* BIBluetoothServiceListViewController.m in Sources */,
				5D4BC60A18D733E100DA2689 /* main.m in Sources */,
				5D3F33C118EAF24800857073 /* BIBeaconController.m in Sources */,
				5D33AA4B18E1E88D000F05DE /* BIBluetoothDeviceListViewController.m in Sources */,
				5DA5D64618E33850005C0BB3 /* BIActivityStatusCell.m in Sources */,
				5D3F33B818EAC68300857073 /* BISettingsViewController.m in Sources */,
				5D4BC60E18D733E100DA2689 /* BIAppDelegate.m in Sources */,
			);
			runOnlyForDeploymentPostprocessing = 0;
		};
/* End PBXSourcesBuildPhase section */

/* Begin PBXVariantGroup section */
		5D4BC60618D733E100DA2689 /* InfoPlist.strings */ = {
			isa = PBXVariantGroup;
			children = (
				5D4BC60718D733E100DA2689 /* en */,
			);
			name = InfoPlist.strings;
			sourceTree = "<group>";
		};
		5D4BC60F18D733E100DA2689 /* Main.storyboard */ = {
			isa = PBXVariantGroup;
			children = (
				5D4BC61018D733E100DA2689 /* Base */,
			);
			name = Main.storyboard;
			sourceTree = "<group>";
		};
/* End PBXVariantGroup section */

/* Begin XCBuildConfiguration section */
		5D4BC62A18D733E100DA2689 /* Debug */ = {
			isa = XCBuildConfiguration;
			buildSettings = {
				ALWAYS_SEARCH_USER_PATHS = NO;
				CLANG_ANALYZER_SECURITY_FLOATLOOPCOUNTER = YES;
				CLANG_ANALYZER_SECURITY_INSECUREAPI_RAND = YES;
				CLANG_ANALYZER_SECURITY_INSECUREAPI_STRCPY = YES;
				CLANG_CXX_LANGUAGE_STANDARD = "gnu++0x";
				CLANG_CXX_LIBRARY = "libc++";
				CLANG_ENABLE_MODULES = YES;
				CLANG_ENABLE_OBJC_ARC = YES;
				CLANG_STATIC_ANALYZER_MODE = deep;
				CLANG_WARN_BOOL_CONVERSION = YES;
				CLANG_WARN_CONSTANT_CONVERSION = YES;
				CLANG_WARN_CXX0X_EXTENSIONS = YES;
				CLANG_WARN_DEPRECATED_OBJC_IMPLEMENTATIONS = YES;
				CLANG_WARN_DIRECT_OBJC_ISA_USAGE = YES_ERROR;
				CLANG_WARN_DOCUMENTATION_COMMENTS = YES;
				CLANG_WARN_EMPTY_BODY = YES;
				CLANG_WARN_ENUM_CONVERSION = YES;
				CLANG_WARN_IMPLICIT_SIGN_CONVERSION = YES;
				CLANG_WARN_INT_CONVERSION = YES;
				CLANG_WARN_OBJC_EXPLICIT_OWNERSHIP_TYPE = YES;
				CLANG_WARN_OBJC_IMPLICIT_ATOMIC_PROPERTIES = YES;
				CLANG_WARN_OBJC_IMPLICIT_RETAIN_SELF = YES;
				CLANG_WARN_OBJC_RECEIVER_WEAK = YES;
				CLANG_WARN_OBJC_REPEATED_USE_OF_WEAK = YES;
				CLANG_WARN_OBJC_ROOT_CLASS = YES_ERROR;
				CLANG_WARN_SUSPICIOUS_IMPLICIT_CONVERSION = YES;
				CLANG_WARN__DUPLICATE_METHOD_MATCH = YES;
				CLANG_WARN__EXIT_TIME_DESTRUCTORS = YES;
				"CODE_SIGN_IDENTITY[sdk=iphoneos*]" = "iPhone Developer";
				COPY_PHASE_STRIP = NO;
				GCC_C_LANGUAGE_STANDARD = gnu99;
				GCC_DYNAMIC_NO_PIC = NO;
				GCC_OPTIMIZATION_LEVEL = 0;
				GCC_PREPROCESSOR_DEFINITIONS = (
					"DEBUG=1",
					"$(inherited)",
				);
				GCC_SYMBOLS_PRIVATE_EXTERN = NO;
				GCC_TREAT_IMPLICIT_FUNCTION_DECLARATIONS_AS_ERRORS = YES;
				GCC_TREAT_INCOMPATIBLE_POINTER_TYPE_WARNINGS_AS_ERRORS = YES;
				GCC_WARN_64_TO_32_BIT_CONVERSION = YES;
				GCC_WARN_ABOUT_MISSING_FIELD_INITIALIZERS = YES;
				GCC_WARN_ABOUT_MISSING_NEWLINE = YES;
				GCC_WARN_ABOUT_MISSING_PROTOTYPES = YES;
				GCC_WARN_ABOUT_RETURN_TYPE = YES_ERROR;
				GCC_WARN_FOUR_CHARACTER_CONSTANTS = YES;
				GCC_WARN_HIDDEN_VIRTUAL_FUNCTIONS = YES;
				GCC_WARN_INITIALIZER_NOT_FULLY_BRACKETED = YES;
				GCC_WARN_MULTIPLE_DEFINITION_TYPES_FOR_SELECTOR = YES;
				GCC_WARN_NON_VIRTUAL_DESTRUCTOR = YES;
				GCC_WARN_SHADOW = YES;
				GCC_WARN_SIGN_COMPARE = YES;
				GCC_WARN_STRICT_SELECTOR_MATCH = YES;
				GCC_WARN_UNDECLARED_SELECTOR = YES;
				GCC_WARN_UNINITIALIZED_AUTOS = YES_AGGRESSIVE;
				GCC_WARN_UNKNOWN_PRAGMAS = YES;
				GCC_WARN_UNUSED_FUNCTION = YES;
				GCC_WARN_UNUSED_LABEL = YES;
				GCC_WARN_UNUSED_VARIABLE = YES;
				HEADER_SEARCH_PATHS = (
					"$(inherited)",
					/Applications/Xcode.app/Contents/Developer/Toolchains/XcodeDefault.xctoolchain/usr/include,
				);
				IPHONEOS_DEPLOYMENT_TARGET = 7.0;
				ONLY_ACTIVE_ARCH = YES;
				RUN_CLANG_STATIC_ANALYZER = YES;
				SDKROOT = iphoneos;
				USER_HEADER_SEARCH_PATHS = "\"$PROJECT_DIR/../SDK/BEACONinsideSDK\"/**";
				WARNING_CFLAGS = (
					"-Wall",
					"-Wextra",
					"-Wno-unused-parameter",
					"-Wno-receiver-is-weak",
					"-Wno-arc-repeated-use-of-weak",
				);
			};
			name = Debug;
		};
		5D4BC62B18D733E100DA2689 /* Release */ = {
			isa = XCBuildConfiguration;
			buildSettings = {
				ALWAYS_SEARCH_USER_PATHS = NO;
				CLANG_ANALYZER_SECURITY_FLOATLOOPCOUNTER = YES;
				CLANG_ANALYZER_SECURITY_INSECUREAPI_RAND = YES;
				CLANG_ANALYZER_SECURITY_INSECUREAPI_STRCPY = YES;
				CLANG_CXX_LANGUAGE_STANDARD = "gnu++0x";
				CLANG_CXX_LIBRARY = "libc++";
				CLANG_ENABLE_MODULES = YES;
				CLANG_ENABLE_OBJC_ARC = YES;
				CLANG_STATIC_ANALYZER_MODE = deep;
				CLANG_WARN_BOOL_CONVERSION = YES;
				CLANG_WARN_CONSTANT_CONVERSION = YES;
				CLANG_WARN_CXX0X_EXTENSIONS = YES;
				CLANG_WARN_DEPRECATED_OBJC_IMPLEMENTATIONS = YES;
				CLANG_WARN_DIRECT_OBJC_ISA_USAGE = YES_ERROR;
				CLANG_WARN_DOCUMENTATION_COMMENTS = YES;
				CLANG_WARN_EMPTY_BODY = YES;
				CLANG_WARN_ENUM_CONVERSION = YES;
				CLANG_WARN_IMPLICIT_SIGN_CONVERSION = YES;
				CLANG_WARN_INT_CONVERSION = YES;
				CLANG_WARN_OBJC_EXPLICIT_OWNERSHIP_TYPE = YES;
				CLANG_WARN_OBJC_IMPLICIT_ATOMIC_PROPERTIES = YES;
				CLANG_WARN_OBJC_IMPLICIT_RETAIN_SELF = YES;
				CLANG_WARN_OBJC_RECEIVER_WEAK = YES;
				CLANG_WARN_OBJC_REPEATED_USE_OF_WEAK = YES;
				CLANG_WARN_OBJC_ROOT_CLASS = YES_ERROR;
				CLANG_WARN_SUSPICIOUS_IMPLICIT_CONVERSION = YES;
				CLANG_WARN__DUPLICATE_METHOD_MATCH = YES;
				CLANG_WARN__EXIT_TIME_DESTRUCTORS = YES;
				"CODE_SIGN_IDENTITY[sdk=iphoneos*]" = "iPhone Developer";
				COPY_PHASE_STRIP = YES;
				ENABLE_NS_ASSERTIONS = NO;
				GCC_C_LANGUAGE_STANDARD = gnu99;
				GCC_TREAT_IMPLICIT_FUNCTION_DECLARATIONS_AS_ERRORS = YES;
				GCC_TREAT_INCOMPATIBLE_POINTER_TYPE_WARNINGS_AS_ERRORS = YES;
				GCC_WARN_64_TO_32_BIT_CONVERSION = YES;
				GCC_WARN_ABOUT_MISSING_FIELD_INITIALIZERS = YES;
				GCC_WARN_ABOUT_MISSING_NEWLINE = YES;
				GCC_WARN_ABOUT_MISSING_PROTOTYPES = YES;
				GCC_WARN_ABOUT_RETURN_TYPE = YES_ERROR;
				GCC_WARN_FOUR_CHARACTER_CONSTANTS = YES;
				GCC_WARN_HIDDEN_VIRTUAL_FUNCTIONS = YES;
				GCC_WARN_INITIALIZER_NOT_FULLY_BRACKETED = YES;
				GCC_WARN_MULTIPLE_DEFINITION_TYPES_FOR_SELECTOR = YES;
				GCC_WARN_NON_VIRTUAL_DESTRUCTOR = YES;
				GCC_WARN_SHADOW = YES;
				GCC_WARN_SIGN_COMPARE = YES;
				GCC_WARN_STRICT_SELECTOR_MATCH = YES;
				GCC_WARN_UNDECLARED_SELECTOR = YES;
				GCC_WARN_UNINITIALIZED_AUTOS = YES_AGGRESSIVE;
				GCC_WARN_UNKNOWN_PRAGMAS = YES;
				GCC_WARN_UNUSED_FUNCTION = YES;
				GCC_WARN_UNUSED_LABEL = YES;
				GCC_WARN_UNUSED_VARIABLE = YES;
				HEADER_SEARCH_PATHS = (
					"$(inherited)",
					/Applications/Xcode.app/Contents/Developer/Toolchains/XcodeDefault.xctoolchain/usr/include,
				);
				IPHONEOS_DEPLOYMENT_TARGET = 7.0;
				RUN_CLANG_STATIC_ANALYZER = YES;
				SDKROOT = iphoneos;
				USER_HEADER_SEARCH_PATHS = "\"$PROJECT_DIR/../SDK/BEACONinsideSDK\"/**";
				VALIDATE_PRODUCT = YES;
				WARNING_CFLAGS = (
					"-Wall",
					"-Wextra",
					"-Wno-unused-parameter",
					"-Wno-receiver-is-weak",
					"-Wno-arc-repeated-use-of-weak",
				);
			};
			name = Release;
		};
		5D4BC62D18D733E100DA2689 /* Debug */ = {
			isa = XCBuildConfiguration;
			baseConfigurationReference = 2B068365E0B640CCBA1946F9 /* Pods-BEACONinsideSDKDemo.xcconfig */;
			buildSettings = {
				ASSETCATALOG_COMPILER_APPICON_NAME = AppIcon;
				ASSETCATALOG_COMPILER_LAUNCHIMAGE_NAME = LaunchImage;
				GCC_PRECOMPILE_PREFIX_HEADER = YES;
				GCC_PREFIX_HEADER = "BEACONinsideSDKDemo/BEACONinsideSDKDemo-Prefix.pch";
				INFOPLIST_FILE = "BEACONinsideSDKDemo/BEACONinsideSDKDemo-Info.plist";
				PRODUCT_NAME = BEACONinsideSDKDemo;
				WRAPPER_EXTENSION = app;
			};
			name = Debug;
		};
		5D4BC62E18D733E100DA2689 /* Release */ = {
			isa = XCBuildConfiguration;
			baseConfigurationReference = 2B068365E0B640CCBA1946F9 /* Pods-BEACONinsideSDKDemo.xcconfig */;
			buildSettings = {
				ASSETCATALOG_COMPILER_APPICON_NAME = AppIcon;
				ASSETCATALOG_COMPILER_LAUNCHIMAGE_NAME = LaunchImage;
				GCC_PRECOMPILE_PREFIX_HEADER = YES;
				GCC_PREFIX_HEADER = "BEACONinsideSDKDemo/BEACONinsideSDKDemo-Prefix.pch";
				INFOPLIST_FILE = "BEACONinsideSDKDemo/BEACONinsideSDKDemo-Info.plist";
				PRODUCT_NAME = BEACONinsideSDKDemo;
				WRAPPER_EXTENSION = app;
			};
			name = Release;
		};
/* End XCBuildConfiguration section */

/* Begin XCConfigurationList section */
		5D4BC5F518D733E100DA2689 /* Build configuration list for PBXProject "BEACONinsideSDKDemo" */ = {
			isa = XCConfigurationList;
			buildConfigurations = (
				5D4BC62A18D733E100DA2689 /* Debug */,
				5D4BC62B18D733E100DA2689 /* Release */,
			);
			defaultConfigurationIsVisible = 0;
			defaultConfigurationName = Release;
		};
		5D4BC62C18D733E100DA2689 /* Build configuration list for PBXNativeTarget "BEACONinsideSDKDemo" */ = {
			isa = XCConfigurationList;
			buildConfigurations = (
				5D4BC62D18D733E100DA2689 /* Debug */,
				5D4BC62E18D733E100DA2689 /* Release */,
			);
			defaultConfigurationIsVisible = 0;
			defaultConfigurationName = Release;
		};
/* End XCConfigurationList section */
	};
	rootObject = 5D4BC5F218D733E100DA2689 /* Project object */;
}
